{
  "name": "leihbackend-tests",
  "lockfileVersion": 3,
  "requires": true,
  "packages": {
    "": {
      "name": "leihbackend-tests",
      "devDependencies": {
        "chai": "^6.2.1",
        "pocketbase": "^0.26.3"
      }
    },
    "node_modules/chai": {
      "version": "6.2.1",
      "resolved": "https://registry.npmjs.org/chai/-/chai-6.2.1.tgz",
      "integrity": "sha512-p4Z49OGG5W/WBCPSS/dH3jQ73kD6tiMmUM+bckNK6Jr5JHMG3k9bg/BvKR8lKmtVBKmOiuVaV2ws8s9oSbwysg==",
      "dev": true,
      "license": "MIT",
      "engines": {
        "node": ">=18"
      }
    },
    "node_modules/pocketbase": {
      "version": "0.26.3",
      "resolved": "https://registry.npmjs.org/pocketbase/-/pocketbase-0.26.3.tgz",
      "integrity": "sha512-5deUKRoEczpxxuHzwr6/DHVmgbggxylEVig8CKN+MjvtYxPUqX/C6puU0yaR2yhTi8zrh7J9s7Ty+qBGwVzWOQ==",
      "dev": true,
      "license": "MIT"
    }
  }
}
